
Microsoft Visual Studio Solution File, Format Version 12.00
# Visual Studio 15
VisualStudioVersion = 15.0.28307.539
MinimumVisualStudioVersion = 10.0.40219.1
Project("{FAE04EC0-301F-11D3-BF4B-00C04F79EFBC}") = "WindowsFormsApp2", "WindowsFormsApp2\WindowsFormsApp2.csproj", "{2671ACA4-E39D-43DA-9AB0-AC506D9B1C86}"
EndProject
Global
	GlobalSection(SolutionConfigurationPlatforms) = preSolution
		Debug|Any CPU = Debug|Any CPU
		Release|Any CPU = Release|Any CPU
	EndGlobalSection
	GlobalSection(ProjectConfigurationPlatforms) = postSolution
		{2671ACA4-E39D-43DA-9AB0-AC506D9B1C86}.Debug|Any CPU.ActiveCfg = Debug|Any CPU
		{2671ACA4-E39D-43DA-9AB0-AC506D9B1C86}.Debug|Any CPU.Build.0 = Debug|Any CPU
		{2671ACA4-E39D-43DA-9AB0-AC506D9B1C86}.Release|Any CPU.ActiveCfg = Release|Any CPU
		{2671ACA4-E39D-43DA-9AB0-AC506D9B1C86}.Release|Any CPU.Build.0 = Release|Any CPU
	EndGlobalSection
	GlobalSection(SolutionProperties) = preSolution
		HideSolutionNode = FALSE
	EndGlobalSection
	GlobalSection(ExtensibilityGlobals) = postSolution
		SolutionGuid = {4DA97B79-B582-4FD4-9461-65AECADCA3D4}
	EndGlobalSection
EndGlobal
